
Microsoft Visual Studio Solution File, Format Version 12.00
# Visual Studio Version 16
VisualStudioVersion = 16.0.31624.102
MinimumVisualStudioVersion = 10.0.40219.1
Project("{FAE04EC0-301F-11D3-BF4B-00C04F79EFBC}") = "divideBy", "divideBy\divideBy.csproj", "{C8F90BD0-C3F5-481D-9B4A-D9095BB9F953}"
EndProject
Global
	GlobalSection(SolutionConfigurationPlatforms) = preSolution
		Debug|Any CPU = Debug|Any CPU
		Release|Any CPU = Release|Any CPU
	EndGlobalSection
	GlobalSection(ProjectConfigurationPlatforms) = postSolution
		{C8F90BD0-C3F5-481D-9B4A-D9095BB9F953}.Debug|Any CPU.ActiveCfg = Debug|Any CPU
		{C8F90BD0-C3F5-481D-9B4A-D9095BB9F953}.Debug|Any CPU.Build.0 = Debug|Any CPU
		{C8F90BD0-C3F5-481D-9B4A-D9095BB9F953}.Release|Any CPU.ActiveCfg = Release|Any CPU
		{C8F90BD0-C3F5-481D-9B4A-D9095BB9F953}.Release|Any CPU.Build.0 = Release|Any CPU
	EndGlobalSection
	GlobalSection(SolutionProperties) = preSolution
		HideSolutionNode = FALSE
	EndGlobalSection
	GlobalSection(ExtensibilityGlobals) = postSolution
		SolutionGuid = {6135A4FA-7A73-423F-8E57-D57BDEF9AADB}
	EndGlobalSection
EndGlobal
